
Microsoft Visual Studio Solution File, Format Version 12.00
# Visual Studio 15
VisualStudioVersion = 15.0.27428.2015
MinimumVisualStudioVersion = 10.0.40219.1
Project("{FAE04EC0-301F-11D3-BF4B-00C04F79EFBC}") = "EnigmaMachineConsoleApp", "EnigmaMachineConsoleApp\EnigmaMachineConsoleApp.csproj", "{17E54A96-2E8F-4EE9-AC8C-858DC284742E}"
EndProject
Project("{FAE04EC0-301F-11D3-BF4B-00C04F79EFBC}") = "UnitTests", "UnitTests\UnitTests.csproj", "{32035750-B4D3-476C-92A4-61374385A07B}"
EndProject
Project("{FAE04EC0-301F-11D3-BF4B-00C04F79EFBC}") = "Components", "Component\Components.csproj", "{33DBC0BE-0A2A-4B89-AD7F-E0151C9EA96B}"
EndProject
Global
	GlobalSection(SolutionConfigurationPlatforms) = preSolution
		Debug|Any CPU = Debug|Any CPU
		Release|Any CPU = Release|Any CPU
	EndGlobalSection
	GlobalSection(ProjectConfigurationPlatforms) = postSolution
		{17E54A96-2E8F-4EE9-AC8C-858DC284742E}.Debug|Any CPU.ActiveCfg = Debug|Any CPU
		{17E54A96-2E8F-4EE9-AC8C-858DC284742E}.Debug|Any CPU.Build.0 = Debug|Any CPU
		{17E54A96-2E8F-4EE9-AC8C-858DC284742E}.Release|Any CPU.ActiveCfg = Release|Any CPU
		{17E54A96-2E8F-4EE9-AC8C-858DC284742E}.Release|Any CPU.Build.0 = Release|Any CPU
		{32035750-B4D3-476C-92A4-61374385A07B}.Debug|Any CPU.ActiveCfg = Debug|Any CPU
		{32035750-B4D3-476C-92A4-61374385A07B}.Debug|Any CPU.Build.0 = Debug|Any CPU
		{32035750-B4D3-476C-92A4-61374385A07B}.Release|Any CPU.ActiveCfg = Release|Any CPU
		{32035750-B4D3-476C-92A4-61374385A07B}.Release|Any CPU.Build.0 = Release|Any CPU
		{33DBC0BE-0A2A-4B89-AD7F-E0151C9EA96B}.Debug|Any CPU.ActiveCfg = Debug|Any CPU
		{33DBC0BE-0A2A-4B89-AD7F-E0151C9EA96B}.Debug|Any CPU.Build.0 = Debug|Any CPU
		{33DBC0BE-0A2A-4B89-AD7F-E0151C9EA96B}.Release|Any CPU.ActiveCfg = Release|Any CPU
		{33DBC0BE-0A2A-4B89-AD7F-E0151C9EA96B}.Release|Any CPU.Build.0 = Release|Any CPU
	EndGlobalSection
	GlobalSection(SolutionProperties) = preSolution
		HideSolutionNode = FALSE
	EndGlobalSection
	GlobalSection(ExtensibilityGlobals) = postSolution
		SolutionGuid = {509B5EF5-B64F-4FBF-992D-1CE2FDA4024D}
	EndGlobalSection
EndGlobal
